
Microsoft Visual Studio Solution File, Format Version 12.00
# Visual Studio Version 17
VisualStudioVersion = 17.7.34024.191
MinimumVisualStudioVersion = 10.0.40219.1
Project("{9A19103F-16F7-4668-BE54-9A1E7A4F7556}") = "VollMed.Web", "VollMed.Web\VollMed.Web.csproj", "{1FD2E497-FCC8-4FB5-AC31-EFD246C15ED5}"
EndProject
Project("{2150E333-8FDC-42A3-9474-1A3956D46DE8}") = "Microservices", "Microservices", "{02EA681E-C7D8-13C7-8484-4AC65E1B71E8}"
EndProject
Project("{9A19103F-16F7-4668-BE54-9A1E7A4F7556}") = "Medicos.ServiceAPI", "Medicos.ServiceAPI\Medicos.ServiceAPI.csproj", "{A5E8BE64-EEDE-41E1-A627-4608141AA407}"
EndProject
Project("{9A19103F-16F7-4668-BE54-9A1E7A4F7556}") = "Pacientes.ServiceAPI", "Pacientes.ServiceAPI\Pacientes.ServiceAPI.csproj", "{AD770025-788D-40CA-BC55-0158BF04930C}"
EndProject
Project("{9A19103F-16F7-4668-BE54-9A1E7A4F7556}") = "Consultas.ServiceAPI", "Consultas.ServiceAPI\Consultas.ServiceAPI.csproj", "{F1D83AFA-D93E-4558-AC88-750AA3C4D9DB}"
EndProject
Project("{9A19103F-16F7-4668-BE54-9A1E7A4F7556}") = "VollMed.Messages", "VollMed.Messages\VollMed.Messages.csproj", "{DD99D787-655F-484E-ACBA-9BB988B8CA08}"
EndProject
Project("{FAE04EC0-301F-11D3-BF4B-00C04F79EFBC}") = "VollMed.GatewayAPI", "VollMed.GatewayAPI\VollMed.GatewayAPI.csproj", "{B8D5B039-8FDA-4D18-9DE5-3A72AF583E13}"
EndProject
Global
	GlobalSection(SolutionConfigurationPlatforms) = preSolution
		Debug|Any CPU = Debug|Any CPU
		Release|Any CPU = Release|Any CPU
	EndGlobalSection
	GlobalSection(ProjectConfigurationPlatforms) = postSolution
		{1FD2E497-FCC8-4FB5-AC31-EFD246C15ED5}.Debug|Any CPU.ActiveCfg = Debug|Any CPU
		{1FD2E497-FCC8-4FB5-AC31-EFD246C15ED5}.Debug|Any CPU.Build.0 = Debug|Any CPU
		{1FD2E497-FCC8-4FB5-AC31-EFD246C15ED5}.Release|Any CPU.ActiveCfg = Release|Any CPU
		{1FD2E497-FCC8-4FB5-AC31-EFD246C15ED5}.Release|Any CPU.Build.0 = Release|Any CPU
		{A5E8BE64-EEDE-41E1-A627-4608141AA407}.Debug|Any CPU.ActiveCfg = Debug|Any CPU
		{A5E8BE64-EEDE-41E1-A627-4608141AA407}.Debug|Any CPU.Build.0 = Debug|Any CPU
		{A5E8BE64-EEDE-41E1-A627-4608141AA407}.Release|Any CPU.ActiveCfg = Release|Any CPU
		{A5E8BE64-EEDE-41E1-A627-4608141AA407}.Release|Any CPU.Build.0 = Release|Any CPU
		{AD770025-788D-40CA-BC55-0158BF04930C}.Debug|Any CPU.ActiveCfg = Debug|Any CPU
		{AD770025-788D-40CA-BC55-0158BF04930C}.Debug|Any CPU.Build.0 = Debug|Any CPU
		{AD770025-788D-40CA-BC55-0158BF04930C}.Release|Any CPU.ActiveCfg = Release|Any CPU
		{AD770025-788D-40CA-BC55-0158BF04930C}.Release|Any CPU.Build.0 = Release|Any CPU
		{F1D83AFA-D93E-4558-AC88-750AA3C4D9DB}.Debug|Any CPU.ActiveCfg = Debug|Any CPU
		{F1D83AFA-D93E-4558-AC88-750AA3C4D9DB}.Debug|Any CPU.Build.0 = Debug|Any CPU
		{F1D83AFA-D93E-4558-AC88-750AA3C4D9DB}.Release|Any CPU.ActiveCfg = Release|Any CPU
		{F1D83AFA-D93E-4558-AC88-750AA3C4D9DB}.Release|Any CPU.Build.0 = Release|Any CPU
		{DD99D787-655F-484E-ACBA-9BB988B8CA08}.Debug|Any CPU.ActiveCfg = Debug|Any CPU
		{DD99D787-655F-484E-ACBA-9BB988B8CA08}.Debug|Any CPU.Build.0 = Debug|Any CPU
		{DD99D787-655F-484E-ACBA-9BB988B8CA08}.Release|Any CPU.ActiveCfg = Release|Any CPU
		{DD99D787-655F-484E-ACBA-9BB988B8CA08}.Release|Any CPU.Build.0 = Release|Any CPU
		{B8D5B039-8FDA-4D18-9DE5-3A72AF583E13}.Debug|Any CPU.ActiveCfg = Debug|Any CPU
		{B8D5B039-8FDA-4D18-9DE5-3A72AF583E13}.Debug|Any CPU.Build.0 = Debug|Any CPU
		{B8D5B039-8FDA-4D18-9DE5-3A72AF583E13}.Release|Any CPU.ActiveCfg = Release|Any CPU
		{B8D5B039-8FDA-4D18-9DE5-3A72AF583E13}.Release|Any CPU.Build.0 = Release|Any CPU
	EndGlobalSection
	GlobalSection(SolutionProperties) = preSolution
		HideSolutionNode = FALSE
	EndGlobalSection
	GlobalSection(NestedProjects) = preSolution
		{A5E8BE64-EEDE-41E1-A627-4608141AA407} = {02EA681E-C7D8-13C7-8484-4AC65E1B71E8}
		{AD770025-788D-40CA-BC55-0158BF04930C} = {02EA681E-C7D8-13C7-8484-4AC65E1B71E8}
		{F1D83AFA-D93E-4558-AC88-750AA3C4D9DB} = {02EA681E-C7D8-13C7-8484-4AC65E1B71E8}
		{DD99D787-655F-484E-ACBA-9BB988B8CA08} = {02EA681E-C7D8-13C7-8484-4AC65E1B71E8}
	EndGlobalSection
	GlobalSection(ExtensibilityGlobals) = postSolution
		SolutionGuid = {35F7D517-8EA9-4AEB-A421-69B4FA28D916}
	EndGlobalSection
EndGlobal
